
Microsoft Visual Studio Solution File, Format Version 12.00
# Visual Studio Version 17
VisualStudioVersion = 17.9.34701.34
MinimumVisualStudioVersion = 10.0.40219.1
Project("{FAE04EC0-301F-11D3-BF4B-00C04F79EFBC}") = "DigitClustering", "DigitClustering\DigitClustering.csproj", "{F3742E8B-43DE-41E6-B67E-61CC29CE7189}"
EndProject
Global
	GlobalSection(SolutionConfigurationPlatforms) = preSolution
		Debug|Any CPU = Debug|Any CPU
		Release|Any CPU = Release|Any CPU
	EndGlobalSection
	GlobalSection(ProjectConfigurationPlatforms) = postSolution
		{F3742E8B-43DE-41E6-B67E-61CC29CE7189}.Debug|Any CPU.ActiveCfg = Debug|Any CPU
		{F3742E8B-43DE-41E6-B67E-61CC29CE7189}.Debug|Any CPU.Build.0 = Debug|Any CPU
		{F3742E8B-43DE-41E6-B67E-61CC29CE7189}.Release|Any CPU.ActiveCfg = Release|Any CPU
		{F3742E8B-43DE-41E6-B67E-61CC29CE7189}.Release|Any CPU.Build.0 = Release|Any CPU
	EndGlobalSection
	GlobalSection(SolutionProperties) = preSolution
		HideSolutionNode = FALSE
	EndGlobalSection
	GlobalSection(ExtensibilityGlobals) = postSolution
		SolutionGuid = {7F12A0C0-2994-4E84-ABAA-403C3AA3CDF7}
	EndGlobalSection
EndGlobal
